
Microsoft Visual Studio Solution File, Format Version 12.00
# Visual Studio 15
VisualStudioVersion = 15.0.28307.421
MinimumVisualStudioVersion = 10.0.40219.1
Project("{FAE04EC0-301F-11D3-BF4B-00C04F79EFBC}") = "Hackathon.Ok_Learning.Backend", "Hackathon.Ok_Learning.Backend\Hackathon.Ok_Learning.Backend.csproj", "{B3BB959D-C0AB-49E5-A775-75B7AA4D2E07}"
EndProject
Global
	GlobalSection(SolutionConfigurationPlatforms) = preSolution
		Debug|Any CPU = Debug|Any CPU
		Release|Any CPU = Release|Any CPU
	EndGlobalSection
	GlobalSection(ProjectConfigurationPlatforms) = postSolution
		{B3BB959D-C0AB-49E5-A775-75B7AA4D2E07}.Debug|Any CPU.ActiveCfg = Debug|Any CPU
		{B3BB959D-C0AB-49E5-A775-75B7AA4D2E07}.Debug|Any CPU.Build.0 = Debug|Any CPU
		{B3BB959D-C0AB-49E5-A775-75B7AA4D2E07}.Release|Any CPU.ActiveCfg = Release|Any CPU
		{B3BB959D-C0AB-49E5-A775-75B7AA4D2E07}.Release|Any CPU.Build.0 = Release|Any CPU
	EndGlobalSection
	GlobalSection(SolutionProperties) = preSolution
		HideSolutionNode = FALSE
	EndGlobalSection
	GlobalSection(ExtensibilityGlobals) = postSolution
		SolutionGuid = {EB778CC9-1C17-41C6-91B0-1B3760EFCCBE}
	EndGlobalSection
EndGlobal
